// !$*UTF8*$!
{
	archiveVersion = 1;
	classes = {
	};
	objectVersion = 50;
	objects = {

/* Begin PBXBuildFile section */
		A6233163210649C700CD05ED /* AppDelegate.swift in Sources */ = {isa = PBXBuildFile; fileRef = A6233162210649C700CD05ED /* AppDelegate.swift */; };
		A6233168210649C700CD05ED /* Main.storyboard in Resources */ = {isa = PBXBuildFile; fileRef = A6233166210649C700CD05ED /* Main.storyboard */; };
		A623316D210649CA00CD05ED /* LaunchScreen.storyboard in Resources */ = {isa = PBXBuildFile; fileRef = A623316B210649CA00CD05ED /* LaunchScreen.storyboard */; };
		A62331762106565B00CD05ED /* GoogleService-Info.plist in Resources */ = {isa = PBXBuildFile; fileRef = A62331752106565B00CD05ED /* GoogleService-Info.plist */; };
		A623317F2106581D00CD05ED /* Login.storyboard in Resources */ = {isa = PBXBuildFile; fileRef = A623317E2106581D00CD05ED /* Login.storyboard */; };
		A62331812106587000CD05ED /* LoginViewController.swift in Sources */ = {isa = PBXBuildFile; fileRef = A62331802106587000CD05ED /* LoginViewController.swift */; };
		A623318321065A0D00CD05ED /* UIColor+STK.swift in Sources */ = {isa = PBXBuildFile; fileRef = A623318221065A0D00CD05ED /* UIColor+STK.swift */; };
		A623319D21067F2E00CD05ED /* ostrich-regular.ttf in Resources */ = {isa = PBXBuildFile; fileRef = A623319521067F2D00CD05ED /* ostrich-regular.ttf */; };
		A623319E21067F2E00CD05ED /* OstrichSans-Black.otf in Resources */ = {isa = PBXBuildFile; fileRef = A623319621067F2D00CD05ED /* OstrichSans-Black.otf */; };
		A623319F21067F2E00CD05ED /* OstrichSans-Bold.otf in Resources */ = {isa = PBXBuildFile; fileRef = A623319721067F2D00CD05ED /* OstrichSans-Bold.otf */; };
		A62331A021067F2E00CD05ED /* OstrichSansDashed-Medium.otf in Resources */ = {isa = PBXBuildFile; fileRef = A623319821067F2E00CD05ED /* OstrichSansDashed-Medium.otf */; };
		A62331A121067F2E00CD05ED /* OstrichSans-Heavy.otf in Resources */ = {isa = PBXBuildFile; fileRef = A623319921067F2E00CD05ED /* OstrichSans-Heavy.otf */; };
		A62331A221067F2E00CD05ED /* OstrichSans-Medium.otf in Resources */ = {isa = PBXBuildFile; fileRef = A623319A21067F2E00CD05ED /* OstrichSans-Medium.otf */; };
		A62331A321067F2E00CD05ED /* OstrichSans-Light.otf in Resources */ = {isa = PBXBuildFile; fileRef = A623319B21067F2E00CD05ED /* OstrichSans-Light.otf */; };
		A62331A421067F2E00CD05ED /* OstrichSansRounded-Medium.otf in Resources */ = {isa = PBXBuildFile; fileRef = A623319C21067F2E00CD05ED /* OstrichSansRounded-Medium.otf */; };
		A644BC48210F923100E48E43 /* ChallengeDetailViewController.swift in Sources */ = {isa = PBXBuildFile; fileRef = A644BC47210F923100E48E43 /* ChallengeDetailViewController.swift */; };
		A644BC4A210FA9C600E48E43 /* ListNewChallengesTableViewCell.swift in Sources */ = {isa = PBXBuildFile; fileRef = A644BC49210FA9C600E48E43 /* ListNewChallengesTableViewCell.swift */; };
		A644BC4C210FB92400E48E43 /* API.swift in Sources */ = {isa = PBXBuildFile; fileRef = A644BC4B210FB92400E48E43 /* API.swift */; };
		A65915282118CF0100566FE7 /* IconCollectionViewCell.swift in Sources */ = {isa = PBXBuildFile; fileRef = A65915272118CF0100566FE7 /* IconCollectionViewCell.swift */; };
		A659152A2118D05800566FE7 /* SelectIconCollectionViewController.swift in Sources */ = {isa = PBXBuildFile; fileRef = A65915292118D05800566FE7 /* SelectIconCollectionViewController.swift */; };
		A6736CB62118D2820022C023 /* Icon.swift in Sources */ = {isa = PBXBuildFile; fileRef = A6736CB52118D2820022C023 /* Icon.swift */; };
		A6736CB8211A30A70022C023 /* Gotham-Rounded-Bold.otf in Resources */ = {isa = PBXBuildFile; fileRef = A6736CB7211A30A60022C023 /* Gotham-Rounded-Bold.otf */; };
		A6760ECC210794EB002F4854 /* Assets.xcassets in Resources */ = {isa = PBXBuildFile; fileRef = A6760ECB210794EB002F4854 /* Assets.xcassets */; };
		A6760ED121079F3B002F4854 /* Home.storyboard in Resources */ = {isa = PBXBuildFile; fileRef = A6760ECF21079F3B002F4854 /* Home.storyboard */; };
		A6760ED32107A50F002F4854 /* CompleteChallengesViewController.swift in Sources */ = {isa = PBXBuildFile; fileRef = A6760ED22107A50F002F4854 /* CompleteChallengesViewController.swift */; };
		A6760ED72107C124002F4854 /* User.swift in Sources */ = {isa = PBXBuildFile; fileRef = A6760ED62107C124002F4854 /* User.swift */; };
		A6760ED92107E58D002F4854 /* FBService.swift in Sources */ = {isa = PBXBuildFile; fileRef = A6760ED82107E58D002F4854 /* FBService.swift */; };
		A682566B210B8DFA00AD4FF7 /* Challenge.swift in Sources */ = {isa = PBXBuildFile; fileRef = A682566A210B8DFA00AD4FF7 /* Challenge.swift */; };
		A682566D210BB46D00AD4FF7 /* ListChallengesTableViewCell.swift in Sources */ = {isa = PBXBuildFile; fileRef = A682566C210BB46D00AD4FF7 /* ListChallengesTableViewCell.swift */; };
		A682566F210BB97100AD4FF7 /* ListNewChallengesTableViewController.swift in Sources */ = {isa = PBXBuildFile; fileRef = A682566E210BB97100AD4FF7 /* ListNewChallengesTableViewController.swift */; };
		A68B97C1210A458C00501F87 /* UserProfileViewController.swift in Sources */ = {isa = PBXBuildFile; fileRef = A68B97C0210A458C00501F87 /* UserProfileViewController.swift */; };
		A68B97C3210A46D600501F87 /* CurrentUser.swift in Sources */ = {isa = PBXBuildFile; fileRef = A68B97C2210A46D600501F87 /* CurrentUser.swift */; };
		A68B97C5210A4E5600501F87 /* CustomOverlayView.swift in Sources */ = {isa = PBXBuildFile; fileRef = A68B97C4210A4E5600501F87 /* CustomOverlayView.swift */; };
		A68B97C7210A689400501F87 /* HomeTableViewController.swift in Sources */ = {isa = PBXBuildFile; fileRef = A68B97C6210A689400501F87 /* HomeTableViewController.swift */; };
		A6994FA22110CFB900CAA8F7 /* NewChallengeDetailViewController.swift in Sources */ = {isa = PBXBuildFile; fileRef = A6994FA12110CFB900CAA8F7 /* NewChallengeDetailViewController.swift */; };
		A6994FA42110F7D800CAA8F7 /* CardDesignView.swift in Sources */ = {isa = PBXBuildFile; fileRef = A6994FA32110F7D800CAA8F7 /* CardDesignView.swift */; };
		A6994FA621112B0900CAA8F7 /* Constants.swift in Sources */ = {isa = PBXBuildFile; fileRef = A6994FA521112B0900CAA8F7 /* Constants.swift */; };
		A6994FA821122B1B00CAA8F7 /* ChallengeService.swift in Sources */ = {isa = PBXBuildFile; fileRef = A6994FA721122B1B00CAA8F7 /* ChallengeService.swift */; };
		A6994FAA21123B5000CAA8F7 /* UserService.swift in Sources */ = {isa = PBXBuildFile; fileRef = A6994FA921123B5000CAA8F7 /* UserService.swift */; };
		A6994FAC211263AC00CAA8F7 /* Storyboard+Utility.swift in Sources */ = {isa = PBXBuildFile; fileRef = A6994FAB211263AC00CAA8F7 /* Storyboard+Utility.swift */; };
		CC9921297153FD48DC838F2A /* Pods_Streaks.framework in Frameworks */ = {isa = PBXBuildFile; fileRef = 8793E87ABA54AB49A1A93D13 /* Pods_Streaks.framework */; };
/* End PBXBuildFile section */

/* Begin PBXFileReference section */
		65FEA0B2D3AAD5664012F389 /* Pods-Streaks.debug.xcconfig */ = {isa = PBXFileReference; includeInIndex = 1; lastKnownFileType = text.xcconfig; name = "Pods-Streaks.debug.xcconfig"; path = "Pods/Target Support Files/Pods-Streaks/Pods-Streaks.debug.xcconfig"; sourceTree = "<group>"; };
		8793E87ABA54AB49A1A93D13 /* Pods_Streaks.framework */ = {isa = PBXFileReference; explicitFileType = wrapper.framework; includeInIndex = 0; path = Pods_Streaks.framework; sourceTree = BUILT_PRODUCTS_DIR; };
		A623315F210649C700CD05ED /* Streaks.app */ = {isa = PBXFileReference; explicitFileType = wrapper.application; includeInIndex = 0; path = Streaks.app; sourceTree = BUILT_PRODUCTS_DIR; };
		A6233162210649C700CD05ED /* AppDelegate.swift */ = {isa = PBXFileReference; lastKnownFileType = sourcecode.swift; path = AppDelegate.swift; sourceTree = "<group>"; };
		A6233167210649C700CD05ED /* Base */ = {isa = PBXFileReference; lastKnownFileType = file.storyboard; name = Base; path = Base.lproj/Main.storyboard; sourceTree = "<group>"; };
		A623316C210649CA00CD05ED /* Base */ = {isa = PBXFileReference; lastKnownFileType = file.storyboard; name = Base; path = Base.lproj/LaunchScreen.storyboard; sourceTree = "<group>"; };
		A623316E210649CA00CD05ED /* Info.plist */ = {isa = PBXFileReference; lastKnownFileType = text.plist.xml; path = Info.plist; sourceTree = "<group>"; };
		A62331752106565B00CD05ED /* GoogleService-Info.plist */ = {isa = PBXFileReference; fileEncoding = 4; lastKnownFileType = text.plist.xml; path = "GoogleService-Info.plist"; sourceTree = "<group>"; };
		A623317E2106581D00CD05ED /* Login.storyboard */ = {isa = PBXFileReference; lastKnownFileType = file.storyboard; path = Login.storyboard; sourceTree = "<group>"; };
		A62331802106587000CD05ED /* LoginViewController.swift */ = {isa = PBXFileReference; lastKnownFileType = sourcecode.swift; path = LoginViewController.swift; sourceTree = "<group>"; };
		A623318221065A0D00CD05ED /* UIColor+STK.swift */ = {isa = PBXFileReference; lastKnownFileType = sourcecode.swift; path = "UIColor+STK.swift"; sourceTree = "<group>"; };
		A623319521067F2D00CD05ED /* ostrich-regular.ttf */ = {isa = PBXFileReference; lastKnownFileType = file; path = "ostrich-regular.ttf"; sourceTree = "<group>"; };
		A623319621067F2D00CD05ED /* OstrichSans-Black.otf */ = {isa = PBXFileReference; lastKnownFileType = file; path = "OstrichSans-Black.otf"; sourceTree = "<group>"; };
		A623319721067F2D00CD05ED /* OstrichSans-Bold.otf */ = {isa = PBXFileReference; lastKnownFileType = file; path = "OstrichSans-Bold.otf"; sourceTree = "<group>"; };
		A623319821067F2E00CD05ED /* OstrichSansDashed-Medium.otf */ = {isa = PBXFileReference; lastKnownFileType = file; path = "OstrichSansDashed-Medium.otf"; sourceTree = "<group>"; };
		A623319921067F2E00CD05ED /* OstrichSans-Heavy.otf */ = {isa = PBXFileReference; lastKnownFileType = file; path = "OstrichSans-Heavy.otf"; sourceTree = "<group>"; };
		A623319A21067F2E00CD05ED /* OstrichSans-Medium.otf */ = {isa = PBXFileReference; lastKnownFileType = file; path = "OstrichSans-Medium.otf"; sourceTree = "<group>"; };
		A623319B21067F2E00CD05ED /* OstrichSans-Light.otf */ = {isa = PBXFileReference; lastKnownFileType = file; path = "OstrichSans-Light.otf"; sourceTree = "<group>"; };
		A623319C21067F2E00CD05ED /* OstrichSansRounded-Medium.otf */ = {isa = PBXFileReference; lastKnownFileType = file; path = "OstrichSansRounded-Medium.otf"; sourceTree = "<group>"; };
		A644BC47210F923100E48E43 /* ChallengeDetailViewController.swift */ = {isa = PBXFileReference; lastKnownFileType = sourcecode.swift; path = ChallengeDetailViewController.swift; sourceTree = "<group>"; };
		A644BC49210FA9C600E48E43 /* ListNewChallengesTableViewCell.swift */ = {isa = PBXFileReference; lastKnownFileType = sourcecode.swift; path = ListNewChallengesTableViewCell.swift; sourceTree = "<group>"; };
		A644BC4B210FB92400E48E43 /* API.swift */ = {isa = PBXFileReference; lastKnownFileType = sourcecode.swift; path = API.swift; sourceTree = "<group>"; };
		A65915272118CF0100566FE7 /* IconCollectionViewCell.swift */ = {isa = PBXFileReference; lastKnownFileType = sourcecode.swift; path = IconCollectionViewCell.swift; sourceTree = "<group>"; };
		A65915292118D05800566FE7 /* SelectIconCollectionViewController.swift */ = {isa = PBXFileReference; lastKnownFileType = sourcecode.swift; path = SelectIconCollectionViewController.swift; sourceTree = "<group>"; };
		A6736CB52118D2820022C023 /* Icon.swift */ = {isa = PBXFileReference; lastKnownFileType = sourcecode.swift; path = Icon.swift; sourceTree = "<group>"; };
		A6736CB7211A30A60022C023 /* Gotham-Rounded-Bold.otf */ = {isa = PBXFileReference; lastKnownFileType = file; path = "Gotham-Rounded-Bold.otf"; sourceTree = "<group>"; };
		A6760ECB210794EB002F4854 /* Assets.xcassets */ = {isa = PBXFileReference; lastKnownFileType = folder.assetcatalog; name = Assets.xcassets; path = Streaks/Assets.xcassets; sourceTree = "<group>"; };
		A6760ED021079F3B002F4854 /* Base */ = {isa = PBXFileReference; lastKnownFileType = file.storyboard; name = Base; path = Base.lproj/Home.storyboard; sourceTree = "<group>"; };
		A6760ED22107A50F002F4854 /* CompleteChallengesViewController.swift */ = {isa = PBXFileReference; lastKnownFileType = sourcecode.swift; path = CompleteChallengesViewController.swift; sourceTree = "<group>"; };
		A6760ED62107C124002F4854 /* User.swift */ = {isa = PBXFileReference; lastKnownFileType = sourcecode.swift; path = User.swift; sourceTree = "<group>"; };
		A6760ED82107E58D002F4854 /* FBService.swift */ = {isa = PBXFileReference; lastKnownFileType = sourcecode.swift; path = FBService.swift; sourceTree = "<group>"; };
		A682566A210B8DFA00AD4FF7 /* Challenge.swift */ = {isa = PBXFileReference; lastKnownFileType = sourcecode.swift; path = Challenge.swift; sourceTree = "<group>"; };
		A682566C210BB46D00AD4FF7 /* ListChallengesTableViewCell.swift */ = {isa = PBXFileReference; lastKnownFileType = sourcecode.swift; path = ListChallengesTableViewCell.swift; sourceTree = "<group>"; };
		A682566E210BB97100AD4FF7 /* ListNewChallengesTableViewController.swift */ = {isa = PBXFileReference; lastKnownFileType = sourcecode.swift; path = ListNewChallengesTableViewController.swift; sourceTree = "<group>"; };
		A68B97C0210A458C00501F87 /* UserProfileViewController.swift */ = {isa = PBXFileReference; lastKnownFileType = sourcecode.swift; path = UserProfileViewController.swift; sourceTree = "<group>"; };
		A68B97C2210A46D600501F87 /* CurrentUser.swift */ = {isa = PBXFileReference; lastKnownFileType = sourcecode.swift; path = CurrentUser.swift; sourceTree = "<group>"; };
		A68B97C4210A4E5600501F87 /* CustomOverlayView.swift */ = {isa = PBXFileReference; lastKnownFileType = sourcecode.swift; path = CustomOverlayView.swift; sourceTree = "<group>"; };
		A68B97C6210A689400501F87 /* HomeTableViewController.swift */ = {isa = PBXFileReference; lastKnownFileType = sourcecode.swift; path = HomeTableViewController.swift; sourceTree = "<group>"; };
		A6994FA12110CFB900CAA8F7 /* NewChallengeDetailViewController.swift */ = {isa = PBXFileReference; lastKnownFileType = sourcecode.swift; path = NewChallengeDetailViewController.swift; sourceTree = "<group>"; };
		A6994FA32110F7D800CAA8F7 /* CardDesignView.swift */ = {isa = PBXFileReference; lastKnownFileType = sourcecode.swift; path = CardDesignView.swift; sourceTree = "<group>"; };
		A6994FA521112B0900CAA8F7 /* Constants.swift */ = {isa = PBXFileReference; lastKnownFileType = sourcecode.swift; path = Constants.swift; sourceTree = "<group>"; };
		A6994FA721122B1B00CAA8F7 /* ChallengeService.swift */ = {isa = PBXFileReference; lastKnownFileType = sourcecode.swift; path = ChallengeService.swift; sourceTree = "<group>"; };
		A6994FA921123B5000CAA8F7 /* UserService.swift */ = {isa = PBXFileReference; lastKnownFileType = sourcecode.swift; path = UserService.swift; sourceTree = "<group>"; };
		A6994FAB211263AC00CAA8F7 /* Storyboard+Utility.swift */ = {isa = PBXFileReference; fileEncoding = 4; lastKnownFileType = sourcecode.swift; path = "Storyboard+Utility.swift"; sourceTree = "<group>"; };
		D998075839982FCECB591018 /* Pods-Streaks.release.xcconfig */ = {isa = PBXFileReference; includeInIndex = 1; lastKnownFileType = text.xcconfig; name = "Pods-Streaks.release.xcconfig"; path = "Pods/Target Support Files/Pods-Streaks/Pods-Streaks.release.xcconfig"; sourceTree = "<group>"; };
/* End PBXFileReference section */

/* Begin PBXFrameworksBuildPhase section */
		A623315C210649C700CD05ED /* Frameworks */ = {
			isa = PBXFrameworksBuildPhase;
			buildActionMask = 2147483647;
			files = (
				CC9921297153FD48DC838F2A /* Pods_Streaks.framework in Frameworks */,
			);
			runOnlyForDeploymentPostprocessing = 0;
		};
/* End PBXFrameworksBuildPhase section */

/* Begin PBXGroup section */
		1C7E0A9050C90E7206F86180 /* Frameworks */ = {
			isa = PBXGroup;
			children = (
				8793E87ABA54AB49A1A93D13 /* Pods_Streaks.framework */,
			);
			name = Frameworks;
			sourceTree = "<group>";
		};
		28B8DC391386CE7B621DDB30 /* Pods */ = {
			isa = PBXGroup;
			children = (
				65FEA0B2D3AAD5664012F389 /* Pods-Streaks.debug.xcconfig */,
				D998075839982FCECB591018 /* Pods-Streaks.release.xcconfig */,
			);
			name = Pods;
			sourceTree = "<group>";
		};
		A6233156210649C700CD05ED = {
			isa = PBXGroup;
			children = (
				A6760ECB210794EB002F4854 /* Assets.xcassets */,
				A6233161210649C700CD05ED /* Streaks */,
				A6233160210649C700CD05ED /* Products */,
				28B8DC391386CE7B621DDB30 /* Pods */,
				1C7E0A9050C90E7206F86180 /* Frameworks */,
			);
			sourceTree = "<group>";
		};
		A6233160210649C700CD05ED /* Products */ = {
			isa = PBXGroup;
			children = (
				A623315F210649C700CD05ED /* Streaks.app */,
			);
			name = Products;
			sourceTree = "<group>";
		};
		A6233161210649C700CD05ED /* Streaks */ = {
			isa = PBXGroup;
			children = (
				A6233162210649C700CD05ED /* AppDelegate.swift */,
				A623319421067F1E00CD05ED /* Fonts */,
				A62331742106562300CD05ED /* Supporting Files */,
				A623317C210656F000CD05ED /* Services */,
				A623317B210656E900CD05ED /* Models */,
				A6233177210656C500CD05ED /* Controllers */,
				A623317D2106570200CD05ED /* Storyboards */,
				A6233178210656CB00CD05ED /* Views */,
				A623317A210656E100CD05ED /* Helpers */,
				A6233179210656D600CD05ED /* Extensions */,
			);
			path = Streaks;
			sourceTree = "<group>";
		};
		A62331742106562300CD05ED /* Supporting Files */ = {
			isa = PBXGroup;
			children = (
				A623316E210649CA00CD05ED /* Info.plist */,
				A62331752106565B00CD05ED /* GoogleService-Info.plist */,
				A623318221065A0D00CD05ED /* UIColor+STK.swift */,
				A6994FA521112B0900CAA8F7 /* Constants.swift */,
			);
			path = "Supporting Files";
			sourceTree = "<group>";
		};
		A6233177210656C500CD05ED /* Controllers */ = {
			isa = PBXGroup;
			children = (
				A68B97C6210A689400501F87 /* HomeTableViewController.swift */,
				A682566E210BB97100AD4FF7 /* ListNewChallengesTableViewController.swift */,
				A62331802106587000CD05ED /* LoginViewController.swift */,
				A6760ED22107A50F002F4854 /* CompleteChallengesViewController.swift */,
				A68B97C0210A458C00501F87 /* UserProfileViewController.swift */,
				A644BC47210F923100E48E43 /* ChallengeDetailViewController.swift */,
				A6994FA12110CFB900CAA8F7 /* NewChallengeDetailViewController.swift */,
				A65915292118D05800566FE7 /* SelectIconCollectionViewController.swift */,
			);
			path = Controllers;
			sourceTree = "<group>";
		};
		A6233178210656CB00CD05ED /* Views */ = {
			isa = PBXGroup;
			children = (
				A68B97C4210A4E5600501F87 /* CustomOverlayView.swift */,
				A682566C210BB46D00AD4FF7 /* ListChallengesTableViewCell.swift */,
				A644BC49210FA9C600E48E43 /* ListNewChallengesTableViewCell.swift */,
				A6994FA32110F7D800CAA8F7 /* CardDesignView.swift */,
				A65915272118CF0100566FE7 /* IconCollectionViewCell.swift */,
			);
			path = Views;
			sourceTree = "<group>";
		};
		A6233179210656D600CD05ED /* Extensions */ = {
			isa = PBXGroup;
			children = (
				A6994FAB211263AC00CAA8F7 /* Storyboard+Utility.swift */,
			);
			path = Extensions;
			sourceTree = "<group>";
		};
		A623317A210656E100CD05ED /* Helpers */ = {
			isa = PBXGroup;
			children = (
			);
			path = Helpers;
			sourceTree = "<group>";
		};
		A623317B210656E900CD05ED /* Models */ = {
			isa = PBXGroup;
			children = (
				A6760ED62107C124002F4854 /* User.swift */,
				A68B97C2210A46D600501F87 /* CurrentUser.swift */,
				A682566A210B8DFA00AD4FF7 /* Challenge.swift */,
				A6736CB52118D2820022C023 /* Icon.swift */,
			);
			path = Models;
			sourceTree = "<group>";
		};
		A623317C210656F000CD05ED /* Services */ = {
			isa = PBXGroup;
			children = (
				A6760ED82107E58D002F4854 /* FBService.swift */,
				A644BC4B210FB92400E48E43 /* API.swift */,
				A6994FA721122B1B00CAA8F7 /* ChallengeService.swift */,
				A6994FA921123B5000CAA8F7 /* UserService.swift */,
			);
			path = Services;
			sourceTree = "<group>";
		};
		A623317D2106570200CD05ED /* Storyboards */ = {
			isa = PBXGroup;
			children = (
				A6760ECF21079F3B002F4854 /* Home.storyboard */,
				A6233166210649C700CD05ED /* Main.storyboard */,
				A623316B210649CA00CD05ED /* LaunchScreen.storyboard */,
				A623317E2106581D00CD05ED /* Login.storyboard */,
			);
			path = Storyboards;
			sourceTree = "<group>";
		};
		A623319421067F1E00CD05ED /* Fonts */ = {
			isa = PBXGroup;
			children = (
				A623319521067F2D00CD05ED /* ostrich-regular.ttf */,
				A623319621067F2D00CD05ED /* OstrichSans-Black.otf */,
				A623319721067F2D00CD05ED /* OstrichSans-Bold.otf */,
				A623319921067F2E00CD05ED /* OstrichSans-Heavy.otf */,
				A623319B21067F2E00CD05ED /* OstrichSans-Light.otf */,
				A623319A21067F2E00CD05ED /* OstrichSans-Medium.otf */,
				A623319821067F2E00CD05ED /* OstrichSansDashed-Medium.otf */,
				A623319C21067F2E00CD05ED /* OstrichSansRounded-Medium.otf */,
				A6736CB7211A30A60022C023 /* Gotham-Rounded-Bold.otf */,
			);
			path = Fonts;
			sourceTree = "<group>";
		};
/* End PBXGroup section */

/* Begin PBXNativeTarget section */
		A623315E210649C700CD05ED /* Streaks */ = {
			isa = PBXNativeTarget;
			buildConfigurationList = A6233171210649CA00CD05ED /* Build configuration list for PBXNativeTarget "Streaks" */;
			buildPhases = (
				9C9A0C98EE1A31B5E7183F9D /* [CP] Check Pods Manifest.lock */,
				A623315B210649C700CD05ED /* Sources */,
				A623315C210649C700CD05ED /* Frameworks */,
				A623315D210649C700CD05ED /* Resources */,
				3EB060835A23D1621D5DE4FF /* [CP] Embed Pods Frameworks */,
				E6F9BDDB5762E0299F349811 /* [CP] Copy Pods Resources */,
			);
			buildRules = (
			);
			dependencies = (
			);
			name = Streaks;
			productName = Streaks;
			productReference = A623315F210649C700CD05ED /* Streaks.app */;
			productType = "com.apple.product-type.application";
		};
/* End PBXNativeTarget section */

/* Begin PBXProject section */
		A6233157210649C700CD05ED /* Project object */ = {
			isa = PBXProject;
			attributes = {
				LastSwiftUpdateCheck = 0940;
				LastUpgradeCheck = 0940;
				ORGANIZATIONNAME = "Vaed Prasad";
				TargetAttributes = {
					A623315E210649C700CD05ED = {
						CreatedOnToolsVersion = 9.4.1;
					};
				};
			};
			buildConfigurationList = A623315A210649C700CD05ED /* Build configuration list for PBXProject "Streaks" */;
			compatibilityVersion = "Xcode 9.3";
			developmentRegion = en;
			hasScannedForEncodings = 0;
			knownRegions = (
				en,
				Base,
			);
			mainGroup = A6233156210649C700CD05ED;
			productRefGroup = A6233160210649C700CD05ED /* Products */;
			projectDirPath = "";
			projectRoot = "";
			targets = (
				A623315E210649C700CD05ED /* Streaks */,
			);
		};
/* End PBXProject section */

/* Begin PBXResourcesBuildPhase section */
		A623315D210649C700CD05ED /* Resources */ = {
			isa = PBXResourcesBuildPhase;
			buildActionMask = 2147483647;
			files = (
				A623316D210649CA00CD05ED /* LaunchScreen.storyboard in Resources */,
				A623319E21067F2E00CD05ED /* OstrichSans-Black.otf in Resources */,
				A623319F21067F2E00CD05ED /* OstrichSans-Bold.otf in Resources */,
				A62331A121067F2E00CD05ED /* OstrichSans-Heavy.otf in Resources */,
				A6736CB8211A30A70022C023 /* Gotham-Rounded-Bold.otf in Resources */,
				A62331762106565B00CD05ED /* GoogleService-Info.plist in Resources */,
				A62331A221067F2E00CD05ED /* OstrichSans-Medium.otf in Resources */,
				A6760ECC210794EB002F4854 /* Assets.xcassets in Resources */,
				A6760ED121079F3B002F4854 /* Home.storyboard in Resources */,
				A62331A321067F2E00CD05ED /* OstrichSans-Light.otf in Resources */,
				A623319D21067F2E00CD05ED /* ostrich-regular.ttf in Resources */,
				A623317F2106581D00CD05ED /* Login.storyboard in Resources */,
				A62331A021067F2E00CD05ED /* OstrichSansDashed-Medium.otf in Resources */,
				A62331A421067F2E00CD05ED /* OstrichSansRounded-Medium.otf in Resources */,
				A6233168210649C700CD05ED /* Main.storyboard in Resources */,
			);
			runOnlyForDeploymentPostprocessing = 0;
		};
/* End PBXResourcesBuildPhase section */

/* Begin PBXShellScriptBuildPhase section */
		3EB060835A23D1621D5DE4FF /* [CP] Embed Pods Frameworks */ = {
			isa = PBXShellScriptBuildPhase;
			buildActionMask = 12;
			files = (
			);
			inputPaths = (
				"${SRCROOT}/Pods/Target Support Files/Pods-Streaks/Pods-Streaks-frameworks.sh",
				"${BUILT_PRODUCTS_DIR}/Bolts/Bolts.framework",
				"${BUILT_PRODUCTS_DIR}/FBSDKCoreKit/FBSDKCoreKit.framework",
				"${BUILT_PRODUCTS_DIR}/FBSDKLoginKit/FBSDKLoginKit.framework",
				"${BUILT_PRODUCTS_DIR}/FacebookCore/FacebookCore.framework",
				"${BUILT_PRODUCTS_DIR}/FacebookLogin/FacebookLogin.framework",
				"${BUILT_PRODUCTS_DIR}/GTMSessionFetcher/GTMSessionFetcher.framework",
				"${BUILT_PRODUCTS_DIR}/GoogleToolboxForMac/GoogleToolboxForMac.framework",
				"${BUILT_PRODUCTS_DIR}/JGProgressHUD/JGProgressHUD.framework",
				"${BUILT_PRODUCTS_DIR}/Koloda/Koloda.framework",
				"${BUILT_PRODUCTS_DIR}/LBTAComponents/LBTAComponents.framework",
				"${BUILT_PRODUCTS_DIR}/SwiftyJSON/SwiftyJSON.framework",
				"${BUILT_PRODUCTS_DIR}/leveldb-library/leveldb.framework",
				"${BUILT_PRODUCTS_DIR}/nanopb/nanopb.framework",
				"${BUILT_PRODUCTS_DIR}/pop/pop.framework",
			);
			name = "[CP] Embed Pods Frameworks";
			outputPaths = (
				"${TARGET_BUILD_DIR}/${FRAMEWORKS_FOLDER_PATH}/Bolts.framework",
				"${TARGET_BUILD_DIR}/${FRAMEWORKS_FOLDER_PATH}/FBSDKCoreKit.framework",
				"${TARGET_BUILD_DIR}/${FRAMEWORKS_FOLDER_PATH}/FBSDKLoginKit.framework",
				"${TARGET_BUILD_DIR}/${FRAMEWORKS_FOLDER_PATH}/FacebookCore.framework",
				"${TARGET_BUILD_DIR}/${FRAMEWORKS_FOLDER_PATH}/FacebookLogin.framework",
				"${TARGET_BUILD_DIR}/${FRAMEWORKS_FOLDER_PATH}/GTMSessionFetcher.framework",
				"${TARGET_BUILD_DIR}/${FRAMEWORKS_FOLDER_PATH}/GoogleToolboxForMac.framework",
				"${TARGET_BUILD_DIR}/${FRAMEWORKS_FOLDER_PATH}/JGProgressHUD.framework",
				"${TARGET_BUILD_DIR}/${FRAMEWORKS_FOLDER_PATH}/Koloda.framework",
				"${TARGET_BUILD_DIR}/${FRAMEWORKS_FOLDER_PATH}/LBTAComponents.framework",
				"${TARGET_BUILD_DIR}/${FRAMEWORKS_FOLDER_PATH}/SwiftyJSON.framework",
				"${TARGET_BUILD_DIR}/${FRAMEWORKS_FOLDER_PATH}/leveldb.framework",
				"${TARGET_BUILD_DIR}/${FRAMEWORKS_FOLDER_PATH}/nanopb.framework",
				"${TARGET_BUILD_DIR}/${FRAMEWORKS_FOLDER_PATH}/pop.framework",
			);
			runOnlyForDeploymentPostprocessing = 0;
			shellPath = /bin/sh;
			shellScript = "\"${SRCROOT}/Pods/Target Support Files/Pods-Streaks/Pods-Streaks-frameworks.sh\"\n";
			showEnvVarsInLog = 0;
		};
		9C9A0C98EE1A31B5E7183F9D /* [CP] Check Pods Manifest.lock */ = {
			isa = PBXShellScriptBuildPhase;
			buildActionMask = 12;
			files = (
			);
			inputPaths = (
				"${PODS_PODFILE_DIR_PATH}/Podfile.lock",
				"${PODS_ROOT}/Manifest.lock",
			);
			name = "[CP] Check Pods Manifest.lock";
			outputPaths = (
				"$(DERIVED_FILE_DIR)/Pods-Streaks-checkManifestLockResult.txt",
			);
			runOnlyForDeploymentPostprocessing = 0;
			shellPath = /bin/sh;
			shellScript = "diff \"${PODS_PODFILE_DIR_PATH}/Podfile.lock\" \"${PODS_ROOT}/Manifest.lock\" > /dev/null\nif [ $? != 0 ] ; then\n    # print error to STDERR\n    echo \"error: The sandbox is not in sync with the Podfile.lock. Run 'pod install' or update your CocoaPods installation.\" >&2\n    exit 1\nfi\n# This output is used by Xcode 'outputs' to avoid re-running this script phase.\necho \"SUCCESS\" > \"${SCRIPT_OUTPUT_FILE_0}\"\n";
			showEnvVarsInLog = 0;
		};
		E6F9BDDB5762E0299F349811 /* [CP] Copy Pods Resources */ = {
			isa = PBXShellScriptBuildPhase;
			buildActionMask = 12;
			files = (
			);
			inputPaths = (
				"${SRCROOT}/Pods/Target Support Files/Pods-Streaks/Pods-Streaks-resources.sh",
				"${PODS_CONFIGURATION_BUILD_DIR}/FirebaseUI/FirebaseAuthUI.bundle",
			);
			name = "[CP] Copy Pods Resources";
			outputPaths = (
				"${TARGET_BUILD_DIR}/${UNLOCALIZED_RESOURCES_FOLDER_PATH}/FirebaseAuthUI.bundle",
			);
			runOnlyForDeploymentPostprocessing = 0;
			shellPath = /bin/sh;
			shellScript = "\"${SRCROOT}/Pods/Target Support Files/Pods-Streaks/Pods-Streaks-resources.sh\"\n";
			showEnvVarsInLog = 0;
		};
/* End PBXShellScriptBuildPhase section */

/* Begin PBXSourcesBuildPhase section */
		A623315B210649C700CD05ED /* Sources */ = {
			isa = PBXSourcesBuildPhase;
			buildActionMask = 2147483647;
			files = (
				A68B97C1210A458C00501F87 /* UserProfileViewController.swift in Sources */,
				A6994FA621112B0900CAA8F7 /* Constants.swift in Sources */,
				A644BC48210F923100E48E43 /* ChallengeDetailViewController.swift in Sources */,
				A6736CB62118D2820022C023 /* Icon.swift in Sources */,
				A65915282118CF0100566FE7 /* IconCollectionViewCell.swift in Sources */,
				A62331812106587000CD05ED /* LoginViewController.swift in Sources */,
				A682566F210BB97100AD4FF7 /* ListNewChallengesTableViewController.swift in Sources */,
				A6994FAC211263AC00CAA8F7 /* Storyboard+Utility.swift in Sources */,
				A6994FA821122B1B00CAA8F7 /* ChallengeService.swift in Sources */,
				A6994FA42110F7D800CAA8F7 /* CardDesignView.swift in Sources */,
				A6760ED72107C124002F4854 /* User.swift in Sources */,
				A682566D210BB46D00AD4FF7 /* ListChallengesTableViewCell.swift in Sources */,
				A6760ED92107E58D002F4854 /* FBService.swift in Sources */,
				A682566B210B8DFA00AD4FF7 /* Challenge.swift in Sources */,
				A68B97C7210A689400501F87 /* HomeTableViewController.swift in Sources */,
				A6994FA22110CFB900CAA8F7 /* NewChallengeDetailViewController.swift in Sources */,
				A623318321065A0D00CD05ED /* UIColor+STK.swift in Sources */,
				A6994FAA21123B5000CAA8F7 /* UserService.swift in Sources */,
				A6233163210649C700CD05ED /* AppDelegate.swift in Sources */,
				A644BC4A210FA9C600E48E43 /* ListNewChallengesTableViewCell.swift in Sources */,
				A68B97C3210A46D600501F87 /* CurrentUser.swift in Sources */,
				A68B97C5210A4E5600501F87 /* CustomOverlayView.swift in Sources */,
				A644BC4C210FB92400E48E43 /* API.swift in Sources */,
				A6760ED32107A50F002F4854 /* CompleteChallengesViewController.swift in Sources */,
				A659152A2118D05800566FE7 /* SelectIconCollectionViewController.swift in Sources */,
			);
			runOnlyForDeploymentPostprocessing = 0;
		};
/* End PBXSourcesBuildPhase section */

/* Begin PBXVariantGroup section */
		A6233166210649C700CD05ED /* Main.storyboard */ = {
			isa = PBXVariantGroup;
			children = (
				A6233167210649C700CD05ED /* Base */,
			);
			name = Main.storyboard;
			sourceTree = "<group>";
		};
		A623316B210649CA00CD05ED /* LaunchScreen.storyboard */ = {
			isa = PBXVariantGroup;
			children = (
				A623316C210649CA00CD05ED /* Base */,
			);
			name = LaunchScreen.storyboard;
			sourceTree = "<group>";
		};
		A6760ECF21079F3B002F4854 /* Home.storyboard */ = {
			isa = PBXVariantGroup;
			children = (
				A6760ED021079F3B002F4854 /* Base */,
			);
			name = Home.storyboard;
			sourceTree = "<group>";
		};
/* End PBXVariantGroup section */

/* Begin XCBuildConfiguration section */
		A623316F210649CA00CD05ED /* Debug */ = {
			isa = XCBuildConfiguration;
			buildSettings = {
				ALWAYS_SEARCH_USER_PATHS = NO;
				CLANG_ANALYZER_NONNULL = YES;
				CLANG_ANALYZER_NUMBER_OBJECT_CONVERSION = YES_AGGRESSIVE;
				CLANG_CXX_LANGUAGE_STANDARD = "gnu++14";
				CLANG_CXX_LIBRARY = "libc++";
				CLANG_ENABLE_MODULES = YES;
				CLANG_ENABLE_OBJC_ARC = YES;
				CLANG_ENABLE_OBJC_WEAK = YES;
				CLANG_WARN_BLOCK_CAPTURE_AUTORELEASING = YES;
				CLANG_WARN_BOOL_CONVERSION = YES;
				CLANG_WARN_COMMA = YES;
				CLANG_WARN_CONSTANT_CONVERSION = YES;
				CLANG_WARN_DEPRECATED_OBJC_IMPLEMENTATIONS = YES;
				CLANG_WARN_DIRECT_OBJC_ISA_USAGE = YES_ERROR;
				CLANG_WARN_DOCUMENTATION_COMMENTS = YES;
				CLANG_WARN_EMPTY_BODY = YES;
				CLANG_WARN_ENUM_CONVERSION = YES;
				CLANG_WARN_INFINITE_RECURSION = YES;
				CLANG_WARN_INT_CONVERSION = YES;
				CLANG_WARN_NON_LITERAL_NULL_CONVERSION = YES;
				CLANG_WARN_OBJC_IMPLICIT_RETAIN_SELF = YES;
				CLANG_WARN_OBJC_LITERAL_CONVERSION = YES;
				CLANG_WARN_OBJC_ROOT_CLASS = YES_ERROR;
				CLANG_WARN_RANGE_LOOP_ANALYSIS = YES;
				CLANG_WARN_STRICT_PROTOTYPES = YES;
				CLANG_WARN_SUSPICIOUS_MOVE = YES;
				CLANG_WARN_UNGUARDED_AVAILABILITY = YES_AGGRESSIVE;
				CLANG_WARN_UNREACHABLE_CODE = YES;
				CLANG_WARN__DUPLICATE_METHOD_MATCH = YES;
				CODE_SIGN_IDENTITY = "iPhone Developer";
				COPY_PHASE_STRIP = NO;
				DEBUG_INFORMATION_FORMAT = dwarf;
				ENABLE_STRICT_OBJC_MSGSEND = YES;
				ENABLE_TESTABILITY = YES;
				GCC_C_LANGUAGE_STANDARD = gnu11;
				GCC_DYNAMIC_NO_PIC = NO;
				GCC_NO_COMMON_BLOCKS = YES;
				GCC_OPTIMIZATION_LEVEL = 0;
				GCC_PREPROCESSOR_DEFINITIONS = (
					"DEBUG=1",
					"$(inherited)",
				);
				GCC_WARN_64_TO_32_BIT_CONVERSION = YES;
				GCC_WARN_ABOUT_RETURN_TYPE = YES_ERROR;
				GCC_WARN_UNDECLARED_SELECTOR = YES;
				GCC_WARN_UNINITIALIZED_AUTOS = YES_AGGRESSIVE;
				GCC_WARN_UNUSED_FUNCTION = YES;
				GCC_WARN_UNUSED_VARIABLE = YES;
				IPHONEOS_DEPLOYMENT_TARGET = 11.4;
				MTL_ENABLE_DEBUG_INFO = YES;
				ONLY_ACTIVE_ARCH = YES;
				SDKROOT = iphoneos;
				SWIFT_ACTIVE_COMPILATION_CONDITIONS = DEBUG;
				SWIFT_OPTIMIZATION_LEVEL = "-Onone";
			};
			name = Debug;
		};
		A6233170210649CA00CD05ED /* Release */ = {
			isa = XCBuildConfiguration;
			buildSettings = {
				ALWAYS_SEARCH_USER_PATHS = NO;
				CLANG_ANALYZER_NONNULL = YES;
				CLANG_ANALYZER_NUMBER_OBJECT_CONVERSION = YES_AGGRESSIVE;
				CLANG_CXX_LANGUAGE_STANDARD = "gnu++14";
				CLANG_CXX_LIBRARY = "libc++";
				CLANG_ENABLE_MODULES = YES;
				CLANG_ENABLE_OBJC_ARC = YES;
				CLANG_ENABLE_OBJC_WEAK = YES;
				CLANG_WARN_BLOCK_CAPTURE_AUTORELEASING = YES;
				CLANG_WARN_BOOL_CONVERSION = YES;
				CLANG_WARN_COMMA = YES;
				CLANG_WARN_CONSTANT_CONVERSION = YES;
				CLANG_WARN_DEPRECATED_OBJC_IMPLEMENTATIONS = YES;
				CLANG_WARN_DIRECT_OBJC_ISA_USAGE = YES_ERROR;
				CLANG_WARN_DOCUMENTATION_COMMENTS = YES;
				CLANG_WARN_EMPTY_BODY = YES;
				CLANG_WARN_ENUM_CONVERSION = YES;
				CLANG_WARN_INFINITE_RECURSION = YES;
				CLANG_WARN_INT_CONVERSION = YES;
				CLANG_WARN_NON_LITERAL_NULL_CONVERSION = YES;
				CLANG_WARN_OBJC_IMPLICIT_RETAIN_SELF = YES;
				CLANG_WARN_OBJC_LITERAL_CONVERSION = YES;
				CLANG_WARN_OBJC_ROOT_CLASS = YES_ERROR;
				CLANG_WARN_RANGE_LOOP_ANALYSIS = YES;
				CLANG_WARN_STRICT_PROTOTYPES = YES;
				CLANG_WARN_SUSPICIOUS_MOVE = YES;
				CLANG_WARN_UNGUARDED_AVAILABILITY = YES_AGGRESSIVE;
				CLANG_WARN_UNREACHABLE_CODE = YES;
				CLANG_WARN__DUPLICATE_METHOD_MATCH = YES;
				CODE_SIGN_IDENTITY = "iPhone Developer";
				COPY_PHASE_STRIP = NO;
				DEBUG_INFORMATION_FORMAT = "dwarf-with-dsym";
				ENABLE_NS_ASSERTIONS = NO;
				ENABLE_STRICT_OBJC_MSGSEND = YES;
				GCC_C_LANGUAGE_STANDARD = gnu11;
				GCC_NO_COMMON_BLOCKS = YES;
				GCC_WARN_64_TO_32_BIT_CONVERSION = YES;
				GCC_WARN_ABOUT_RETURN_TYPE = YES_ERROR;
				GCC_WARN_UNDECLARED_SELECTOR = YES;
				GCC_WARN_UNINITIALIZED_AUTOS = YES_AGGRESSIVE;
				GCC_WARN_UNUSED_FUNCTION = YES;
				GCC_WARN_UNUSED_VARIABLE = YES;
				IPHONEOS_DEPLOYMENT_TARGET = 11.4;
				MTL_ENABLE_DEBUG_INFO = NO;
				SDKROOT = iphoneos;
				SWIFT_COMPILATION_MODE = wholemodule;
				SWIFT_OPTIMIZATION_LEVEL = "-O";
				VALIDATE_PRODUCT = YES;
			};
			name = Release;
		};
		A6233172210649CA00CD05ED /* Debug */ = {
			isa = XCBuildConfiguration;
			baseConfigurationReference = 65FEA0B2D3AAD5664012F389 /* Pods-Streaks.debug.xcconfig */;
			buildSettings = {
				ASSETCATALOG_COMPILER_APPICON_NAME = AppIcon;
				CODE_SIGN_STYLE = Automatic;
				DEVELOPMENT_TEAM = 38Y5NHAS98;
				INFOPLIST_FILE = "$(SRCROOT)/Streaks/Supporting Files/Info.plist";
				LD_RUNPATH_SEARCH_PATHS = (
					"$(inherited)",
					"@executable_path/Frameworks",
				);
				PRODUCT_BUNDLE_IDENTIFIER = com.vaedprasad.Streaks;
				PRODUCT_NAME = "$(TARGET_NAME)";
				SWIFT_VERSION = 4.0;
				TARGETED_DEVICE_FAMILY = "1,2";
			};
			name = Debug;
		};
		A6233173210649CA00CD05ED /* Release */ = {
			isa = XCBuildConfiguration;
			baseConfigurationReference = D998075839982FCECB591018 /* Pods-Streaks.release.xcconfig */;
			buildSettings = {
				ASSETCATALOG_COMPILER_APPICON_NAME = AppIcon;
				CODE_SIGN_STYLE = Automatic;
				DEVELOPMENT_TEAM = 38Y5NHAS98;
				INFOPLIST_FILE = "$(SRCROOT)/Streaks/Supporting Files/Info.plist";
				LD_RUNPATH_SEARCH_PATHS = (
					"$(inherited)",
					"@executable_path/Frameworks",
				);
				PRODUCT_BUNDLE_IDENTIFIER = com.vaedprasad.Streaks;
				PRODUCT_NAME = "$(TARGET_NAME)";
				SWIFT_VERSION = 4.0;
				TARGETED_DEVICE_FAMILY = "1,2";
			};
			name = Release;
		};
/* End XCBuildConfiguration section */

/* Begin XCConfigurationList section */
		A623315A210649C700CD05ED /* Build configuration list for PBXProject "Streaks" */ = {
			isa = XCConfigurationList;
			buildConfigurations = (
				A623316F210649CA00CD05ED /* Debug */,
				A6233170210649CA00CD05ED /* Release */,
			);
			defaultConfigurationIsVisible = 0;
			defaultConfigurationName = Release;
		};
		A6233171210649CA00CD05ED /* Build configuration list for PBXNativeTarget "Streaks" */ = {
			isa = XCConfigurationList;
			buildConfigurations = (
				A6233172210649CA00CD05ED /* Debug */,
				A6233173210649CA00CD05ED /* Release */,
			);
			defaultConfigurationIsVisible = 0;
			defaultConfigurationName = Release;
		};
/* End XCConfigurationList section */
	};
	rootObject = A6233157210649C700CD05ED /* Project object */;
}
